{
  "name": "w3w",
  "version": "1.0.0",
  "lockfileVersion": 1,
  "requires": true,
  "dependencies": {
    "heti": {
      "version": "0.9.2",
      "resolved": "https://registry.npmmirror.com/heti/-/heti-0.9.2.tgz",
      "integrity": "sha512-dgJqK/O3qRf4o9ZTL3bE2+7/cLYVNUoDahXYHQkV4opG8q3GwO7f5pkO9f2Yq6/rT0heiEibOps3DMqfad+sVw==",
      "requires": {
        "heti-findandreplacedomtext": "^0.5.0"
      }
    },
    "heti-findandreplacedomtext": {
      "version": "0.5.0",
      "resolved": "https://registry.npmmirror.com/heti-findandreplacedomtext/-/heti-findandreplacedomtext-0.5.0.tgz",
      "integrity": "sha512-GFZjqU8LAdu1uR72GqrReI+lzNLMlcWtvdz1TKNJiofyo1mfTecFYSZEoEbcLcRMl+KwEldnNQoS4BwO8wtg0A=="
    }
  }
}
